<Solution>
  <Folder Name="/src/">
    <Project Path="src/Xobex.Net.Whois/Xobex.Net.Whois.csproj" Id="67f5c923-5c4f-4ef7-91ca-8c7726e3e6d5" />
  </Folder>
  <Folder Name="/src/Examples/">
    <Project Path="src/Whois/Whois.csproj" />
  </Folder>
  <Folder Name="/tests/">
    <Project Path="tests/Whois.Tests/Whois.Tests.csproj" />
  </Folder>
</Solution>
